// !$*UTF8*$!
{
	archiveVersion = 1;
	classes = {
	};
	objectVersion = 56;
	objects = {

/* Begin PBXBuildFile section */
		75003C5C2B16E29D0089D16A /* Logger.swift in Sources */ = {isa = PBXBuildFile; fileRef = 75003C5B2B16E29D0089D16A /* Logger.swift */; };
		75003C5F2B16E44B0089D16A /* TrainingView.swift in Sources */ = {isa = PBXBuildFile; fileRef = 75003C5E2B16E44B0089D16A /* TrainingView.swift */; };
		75003C632B16E55A0089D16A /* TrainingViewModel.swift in Sources */ = {isa = PBXBuildFile; fileRef = 75003C622B16E55A0089D16A /* TrainingViewModel.swift */; };
		755D302E2B0F8BC300EE834F /* CentralViewManager.swift in Sources */ = {isa = PBXBuildFile; fileRef = 755D302D2B0F8BC300EE834F /* CentralViewManager.swift */; };
		755D30322B0F8E3A00EE834F /* TransferService.swift in Sources */ = {isa = PBXBuildFile; fileRef = 755D30312B0F8E3A00EE834F /* TransferService.swift */; };
		7590D3FC2B162EF200328956 /* Extension+View.swift in Sources */ = {isa = PBXBuildFile; fileRef = 7590D3FB2B162EF200328956 /* Extension+View.swift */; };
		75F3513D2B04A930006EACD5 /* KuotoreApp.swift in Sources */ = {isa = PBXBuildFile; fileRef = 75F3513C2B04A930006EACD5 /* KuotoreApp.swift */; };
		75F351412B04A933006EACD5 /* Assets.xcassets in Resources */ = {isa = PBXBuildFile; fileRef = 75F351402B04A933006EACD5 /* Assets.xcassets */; };
		75F351442B04A933006EACD5 /* Preview Assets.xcassets in Resources */ = {isa = PBXBuildFile; fileRef = 75F351432B04A933006EACD5 /* Preview Assets.xcassets */; };
		75FC88182B139D22008CD47E /* AddTrainingEventView.swift in Sources */ = {isa = PBXBuildFile; fileRef = 75FC88172B139D22008CD47E /* AddTrainingEventView.swift */; };
		75FC881C2B139F20008CD47E /* AddTrainingEventViewModel.swift in Sources */ = {isa = PBXBuildFile; fileRef = 75FC881B2B139F20008CD47E /* AddTrainingEventViewModel.swift */; };
		BD3C18592B170B5C00A65302 /* TrainingView.swift in Sources */ = {isa = PBXBuildFile; fileRef = BD3C18582B170B5C00A65302 /* TrainingView.swift */; };
		BD3C185B2B170BB500A65302 /* InitializeTrainingView.swift in Sources */ = {isa = PBXBuildFile; fileRef = BD3C185A2B170BB500A65302 /* InitializeTrainingView.swift */; };
		BD4EDA552B131CF2003E1A11 /* Realm in Frameworks */ = {isa = PBXBuildFile; productRef = BD4EDA542B131CF2003E1A11 /* Realm */; };
		BD4EDA572B131CF2003E1A11 /* RealmSwift in Frameworks */ = {isa = PBXBuildFile; productRef = BD4EDA562B131CF2003E1A11 /* RealmSwift */; };
		BD4EDA5A2B131DA1003E1A11 /* UserInfo.swift in Sources */ = {isa = PBXBuildFile; fileRef = BD4EDA592B131DA1003E1A11 /* UserInfo.swift */; };
		BD4EDA5C2B131E9F003E1A11 /* TrainingInfo.swift in Sources */ = {isa = PBXBuildFile; fileRef = BD4EDA5B2B131E9F003E1A11 /* TrainingInfo.swift */; };
		BD4EDA5F2B132A64003E1A11 /* Training.swift in Sources */ = {isa = PBXBuildFile; fileRef = BD4EDA5E2B132A64003E1A11 /* Training.swift */; };
		BD4EDA622B13617A003E1A11 /* HomeView.swift in Sources */ = {isa = PBXBuildFile; fileRef = BD4EDA612B13617A003E1A11 /* HomeView.swift */; };
		BD4EDA642B13628E003E1A11 /* RealmManager.swift in Sources */ = {isa = PBXBuildFile; fileRef = BD4EDA632B13628D003E1A11 /* RealmManager.swift */; };
		BD4EDA672B13683D003E1A11 /* HomeViewModel.swift in Sources */ = {isa = PBXBuildFile; fileRef = BD4EDA662B13683D003E1A11 /* HomeViewModel.swift */; };
		BDC9A87D2B150A2500723B13 /* MPLUS1p-ExtraBold.ttf in Resources */ = {isa = PBXBuildFile; fileRef = BDC9A8762B150A2500723B13 /* MPLUS1p-ExtraBold.ttf */; };
		BDC9A87E2B150A2500723B13 /* MPLUS1p-Black.ttf in Resources */ = {isa = PBXBuildFile; fileRef = BDC9A8772B150A2500723B13 /* MPLUS1p-Black.ttf */; };
		BDC9A87F2B150A2500723B13 /* MPLUS1p-Light.ttf in Resources */ = {isa = PBXBuildFile; fileRef = BDC9A8782B150A2500723B13 /* MPLUS1p-Light.ttf */; };
		BDC9A8802B150A2500723B13 /* MPLUS1p-Thin.ttf in Resources */ = {isa = PBXBuildFile; fileRef = BDC9A8792B150A2500723B13 /* MPLUS1p-Thin.ttf */; };
		BDC9A8812B150A2500723B13 /* MPLUS1p-Bold.ttf in Resources */ = {isa = PBXBuildFile; fileRef = BDC9A87A2B150A2500723B13 /* MPLUS1p-Bold.ttf */; };
		BDC9A8822B150A2500723B13 /* MPLUS1p-Medium.ttf in Resources */ = {isa = PBXBuildFile; fileRef = BDC9A87B2B150A2500723B13 /* MPLUS1p-Medium.ttf */; };
		BDC9A8832B150A2500723B13 /* MPLUS1p-Regular.ttf in Resources */ = {isa = PBXBuildFile; fileRef = BDC9A87C2B150A2500723B13 /* MPLUS1p-Regular.ttf */; };
		BDC9A8892B150B2000723B13 /* Font+AppFonts.swift in Sources */ = {isa = PBXBuildFile; fileRef = BDC9A8882B150B2000723B13 /* Font+AppFonts.swift */; };
/* End PBXBuildFile section */

/* Begin PBXFileReference section */
		75003C5B2B16E29D0089D16A /* Logger.swift */ = {isa = PBXFileReference; lastKnownFileType = sourcecode.swift; path = Logger.swift; sourceTree = "<group>"; };
		75003C5E2B16E44B0089D16A /* TrainingView.swift */ = {isa = PBXFileReference; lastKnownFileType = sourcecode.swift; path = TrainingView.swift; sourceTree = "<group>"; };
		75003C622B16E55A0089D16A /* TrainingViewModel.swift */ = {isa = PBXFileReference; lastKnownFileType = sourcecode.swift; path = TrainingViewModel.swift; sourceTree = "<group>"; };
		755D302D2B0F8BC300EE834F /* CentralViewManager.swift */ = {isa = PBXFileReference; lastKnownFileType = sourcecode.swift; path = CentralViewManager.swift; sourceTree = "<group>"; };
		755D30312B0F8E3A00EE834F /* TransferService.swift */ = {isa = PBXFileReference; lastKnownFileType = sourcecode.swift; path = TransferService.swift; sourceTree = "<group>"; };
		7590D3FB2B162EF200328956 /* Extension+View.swift */ = {isa = PBXFileReference; lastKnownFileType = sourcecode.swift; path = "Extension+View.swift"; sourceTree = "<group>"; };
		75F351392B04A930006EACD5 /* Kuotore.app */ = {isa = PBXFileReference; explicitFileType = wrapper.application; includeInIndex = 0; path = Kuotore.app; sourceTree = BUILT_PRODUCTS_DIR; };
		75F3513C2B04A930006EACD5 /* KuotoreApp.swift */ = {isa = PBXFileReference; lastKnownFileType = sourcecode.swift; path = KuotoreApp.swift; sourceTree = "<group>"; };
		75F351402B04A933006EACD5 /* Assets.xcassets */ = {isa = PBXFileReference; lastKnownFileType = folder.assetcatalog; path = Assets.xcassets; sourceTree = "<group>"; };
		75F351432B04A933006EACD5 /* Preview Assets.xcassets */ = {isa = PBXFileReference; lastKnownFileType = folder.assetcatalog; path = "Preview Assets.xcassets"; sourceTree = "<group>"; };
		75FC88172B139D22008CD47E /* AddTrainingEventView.swift */ = {isa = PBXFileReference; lastKnownFileType = sourcecode.swift; path = AddTrainingEventView.swift; sourceTree = "<group>"; };
		75FC881B2B139F20008CD47E /* AddTrainingEventViewModel.swift */ = {isa = PBXFileReference; lastKnownFileType = sourcecode.swift; path = AddTrainingEventViewModel.swift; sourceTree = "<group>"; };
		BD3C18582B170B5C00A65302 /* TrainingView.swift */ = {isa = PBXFileReference; lastKnownFileType = sourcecode.swift; path = TrainingView.swift; sourceTree = "<group>"; };
		BD3C185A2B170BB500A65302 /* InitializeTrainingView.swift */ = {isa = PBXFileReference; lastKnownFileType = sourcecode.swift; path = InitializeTrainingView.swift; sourceTree = "<group>"; };
		BD4EDA592B131DA1003E1A11 /* UserInfo.swift */ = {isa = PBXFileReference; lastKnownFileType = sourcecode.swift; path = UserInfo.swift; sourceTree = "<group>"; };
		BD4EDA5B2B131E9F003E1A11 /* TrainingInfo.swift */ = {isa = PBXFileReference; lastKnownFileType = sourcecode.swift; path = TrainingInfo.swift; sourceTree = "<group>"; };
		BD4EDA5E2B132A64003E1A11 /* Training.swift */ = {isa = PBXFileReference; lastKnownFileType = sourcecode.swift; path = Training.swift; sourceTree = "<group>"; };
		BD4EDA612B13617A003E1A11 /* HomeView.swift */ = {isa = PBXFileReference; lastKnownFileType = sourcecode.swift; path = HomeView.swift; sourceTree = "<group>"; };
		BD4EDA632B13628D003E1A11 /* RealmManager.swift */ = {isa = PBXFileReference; lastKnownFileType = sourcecode.swift; path = RealmManager.swift; sourceTree = "<group>"; };
		BD4EDA662B13683D003E1A11 /* HomeViewModel.swift */ = {isa = PBXFileReference; lastKnownFileType = sourcecode.swift; path = HomeViewModel.swift; sourceTree = "<group>"; };
		BDC9A8762B150A2500723B13 /* MPLUS1p-ExtraBold.ttf */ = {isa = PBXFileReference; lastKnownFileType = file; path = "MPLUS1p-ExtraBold.ttf"; sourceTree = "<group>"; };
		BDC9A8772B150A2500723B13 /* MPLUS1p-Black.ttf */ = {isa = PBXFileReference; lastKnownFileType = file; path = "MPLUS1p-Black.ttf"; sourceTree = "<group>"; };
		BDC9A8782B150A2500723B13 /* MPLUS1p-Light.ttf */ = {isa = PBXFileReference; lastKnownFileType = file; path = "MPLUS1p-Light.ttf"; sourceTree = "<group>"; };
		BDC9A8792B150A2500723B13 /* MPLUS1p-Thin.ttf */ = {isa = PBXFileReference; lastKnownFileType = file; path = "MPLUS1p-Thin.ttf"; sourceTree = "<group>"; };
		BDC9A87A2B150A2500723B13 /* MPLUS1p-Bold.ttf */ = {isa = PBXFileReference; lastKnownFileType = file; path = "MPLUS1p-Bold.ttf"; sourceTree = "<group>"; };
		BDC9A87B2B150A2500723B13 /* MPLUS1p-Medium.ttf */ = {isa = PBXFileReference; lastKnownFileType = file; path = "MPLUS1p-Medium.ttf"; sourceTree = "<group>"; };
		BDC9A87C2B150A2500723B13 /* MPLUS1p-Regular.ttf */ = {isa = PBXFileReference; lastKnownFileType = file; path = "MPLUS1p-Regular.ttf"; sourceTree = "<group>"; };
		BDC9A8842B150A5100723B13 /* Info.plist */ = {isa = PBXFileReference; lastKnownFileType = text.plist; path = Info.plist; sourceTree = "<group>"; };
		BDC9A8882B150B2000723B13 /* Font+AppFonts.swift */ = {isa = PBXFileReference; lastKnownFileType = sourcecode.swift; path = "Font+AppFonts.swift"; sourceTree = "<group>"; };
/* End PBXFileReference section */

/* Begin PBXFrameworksBuildPhase section */
		75F351362B04A930006EACD5 /* Frameworks */ = {
			isa = PBXFrameworksBuildPhase;
			buildActionMask = 2147483647;
			files = (
				BD4EDA572B131CF2003E1A11 /* RealmSwift in Frameworks */,
				BD4EDA552B131CF2003E1A11 /* Realm in Frameworks */,
			);
			runOnlyForDeploymentPostprocessing = 0;
		};
/* End PBXFrameworksBuildPhase section */

/* Begin PBXGroup section */
		75003C5D2B16E2B30089D16A /* Utils */ = {
			isa = PBXGroup;
			children = (
				75003C5B2B16E29D0089D16A /* Logger.swift */,
			);
			path = Utils;
			sourceTree = "<group>";
		};
		75003C602B16E4590089D16A /* Training */ = {
			isa = PBXGroup;
			children = (
				75003C5E2B16E44B0089D16A /* TrainingView.swift */,
			);
			path = Training;
			sourceTree = "<group>";
		};
		75003C612B16E52D0089D16A /* Training */ = {
			isa = PBXGroup;
			children = (
				75003C622B16E55A0089D16A /* TrainingViewModel.swift */,
			);
			path = Training;
			sourceTree = "<group>";
		};
		7590D3FD2B163E2600328956 /* Extensions */ = {
			isa = PBXGroup;
			children = (
				7590D3FB2B162EF200328956 /* Extension+View.swift */,
			);
			path = Extensions;
			sourceTree = "<group>";
		};
		759B17622B13A2D6006B7645 /* Application */ = {
			isa = PBXGroup;
			children = (
				75F3513C2B04A930006EACD5 /* KuotoreApp.swift */,
			);
			path = Application;
			sourceTree = "<group>";
		};
		75F351302B04A930006EACD5 = {
			isa = PBXGroup;
			children = (
				75F3513B2B04A930006EACD5 /* Kuotore */,
				75F3513A2B04A930006EACD5 /* Products */,
			);
			sourceTree = "<group>";
		};
		75F3513A2B04A930006EACD5 /* Products */ = {
			isa = PBXGroup;
			children = (
				75F351392B04A930006EACD5 /* Kuotore.app */,
			);
			name = Products;
			sourceTree = "<group>";
		};
		75F3513B2B04A930006EACD5 /* Kuotore */ = {
			isa = PBXGroup;
			children = (
				759B17622B13A2D6006B7645 /* Application */,
				7590D3FD2B163E2600328956 /* Extensions */,
				BD4EDA602B136168003E1A11 /* Views */,
				BD4EDA652B1367E8003E1A11 /* ViewModels */,
				BDC9A8842B150A5100723B13 /* Info.plist */,
				755D302D2B0F8BC300EE834F /* CentralViewManager.swift */,
				755D30312B0F8E3A00EE834F /* TransferService.swift */,
				BD4EDA582B131D46003E1A11 /* Models */,
				BDC9A8872B150B0100723B13 /* Extensions */,
				BDC9A8752B1509F800723B13 /* Fonts */,
				75003C5D2B16E2B30089D16A /* Utils */,
				75F351402B04A933006EACD5 /* Assets.xcassets */,
				75F351422B04A933006EACD5 /* Preview Content */,
			);
			path = Kuotore;
			sourceTree = "<group>";
		};
		75F351422B04A933006EACD5 /* Preview Content */ = {
			isa = PBXGroup;
			children = (
				75F351432B04A933006EACD5 /* Preview Assets.xcassets */,
			);
			path = "Preview Content";
			sourceTree = "<group>";
		};
		75FC88192B139D27008CD47E /* AddTrainingEvent */ = {
			isa = PBXGroup;
			children = (
				75FC88172B139D22008CD47E /* AddTrainingEventView.swift */,
			);
			path = AddTrainingEvent;
			sourceTree = "<group>";
		};
		75FC881A2B139F03008CD47E /* AddTrainingEvent */ = {
			isa = PBXGroup;
			children = (
				75FC881B2B139F20008CD47E /* AddTrainingEventViewModel.swift */,
			);
			path = AddTrainingEvent;
			sourceTree = "<group>";
		};
		BD4EDA582B131D46003E1A11 /* Models */ = {
			isa = PBXGroup;
			children = (
				BD4EDA632B13628D003E1A11 /* RealmManager.swift */,
				BD4EDA5D2B131EA6003E1A11 /* RealmObjects */,
			);
			path = Models;
			sourceTree = "<group>";
		};
		BD4EDA5D2B131EA6003E1A11 /* RealmObjects */ = {
			isa = PBXGroup;
			children = (
				BD4EDA592B131DA1003E1A11 /* UserInfo.swift */,
				BD4EDA5B2B131E9F003E1A11 /* TrainingInfo.swift */,
				BD4EDA5E2B132A64003E1A11 /* Training.swift */,
			);
			path = RealmObjects;
			sourceTree = "<group>";
		};
		BD4EDA602B136168003E1A11 /* Views */ = {
			isa = PBXGroup;
			children = (
				BD4EDA612B13617A003E1A11 /* HomeView.swift */,
				BD3C18582B170B5C00A65302 /* TrainingView.swift */,
				BD3C185A2B170BB500A65302 /* InitializeTrainingView.swift */,
				75FC88192B139D27008CD47E /* AddTrainingEvent */,
				75003C602B16E4590089D16A /* Training */,
			);
			path = Views;
			sourceTree = "<group>";
		};
		BD4EDA652B1367E8003E1A11 /* ViewModels */ = {
			isa = PBXGroup;
			children = (
				BD4EDA662B13683D003E1A11 /* HomeViewModel.swift */,
				75FC881A2B139F03008CD47E /* AddTrainingEvent */,
				75003C612B16E52D0089D16A /* Training */,
			);
			path = ViewModels;
			sourceTree = "<group>";
		};
		BDC9A8752B1509F800723B13 /* Fonts */ = {
			isa = PBXGroup;
			children = (
				BDC9A8772B150A2500723B13 /* MPLUS1p-Black.ttf */,
				BDC9A87A2B150A2500723B13 /* MPLUS1p-Bold.ttf */,
				BDC9A8762B150A2500723B13 /* MPLUS1p-ExtraBold.ttf */,
				BDC9A8782B150A2500723B13 /* MPLUS1p-Light.ttf */,
				BDC9A87B2B150A2500723B13 /* MPLUS1p-Medium.ttf */,
				BDC9A87C2B150A2500723B13 /* MPLUS1p-Regular.ttf */,
				BDC9A8792B150A2500723B13 /* MPLUS1p-Thin.ttf */,
			);
			path = Fonts;
			sourceTree = "<group>";
		};
		BDC9A8872B150B0100723B13 /* Extensions */ = {
			isa = PBXGroup;
			children = (
				BDC9A8882B150B2000723B13 /* Font+AppFonts.swift */,
			);
			path = Extensions;
			sourceTree = "<group>";
		};
/* End PBXGroup section */

/* Begin PBXNativeTarget section */
		75F351382B04A930006EACD5 /* Kuotore */ = {
			isa = PBXNativeTarget;
			buildConfigurationList = 75F351472B04A933006EACD5 /* Build configuration list for PBXNativeTarget "Kuotore" */;
			buildPhases = (
				75F351352B04A930006EACD5 /* Sources */,
				75F351362B04A930006EACD5 /* Frameworks */,
				75F351372B04A930006EACD5 /* Resources */,
			);
			buildRules = (
			);
			dependencies = (
			);
			name = Kuotore;
			packageProductDependencies = (
				BD4EDA542B131CF2003E1A11 /* Realm */,
				BD4EDA562B131CF2003E1A11 /* RealmSwift */,
			);
			productName = Kuotore;
			productReference = 75F351392B04A930006EACD5 /* Kuotore.app */;
			productType = "com.apple.product-type.application";
		};
/* End PBXNativeTarget section */

/* Begin PBXProject section */
		75F351312B04A930006EACD5 /* Project object */ = {
			isa = PBXProject;
			attributes = {
				BuildIndependentTargetsInParallel = 1;
				LastSwiftUpdateCheck = 1500;
				LastUpgradeCheck = 1500;
				TargetAttributes = {
					75F351382B04A930006EACD5 = {
						CreatedOnToolsVersion = 15.0;
					};
				};
			};
			buildConfigurationList = 75F351342B04A930006EACD5 /* Build configuration list for PBXProject "Kuotore" */;
			compatibilityVersion = "Xcode 14.0";
			developmentRegion = en;
			hasScannedForEncodings = 0;
			knownRegions = (
				en,
				Base,
			);
			mainGroup = 75F351302B04A930006EACD5;
			packageReferences = (
				BD4EDA532B131CF2003E1A11 /* XCRemoteSwiftPackageReference "realm-swift" */,
			);
			productRefGroup = 75F3513A2B04A930006EACD5 /* Products */;
			projectDirPath = "";
			projectRoot = "";
			targets = (
				75F351382B04A930006EACD5 /* Kuotore */,
			);
		};
/* End PBXProject section */

/* Begin PBXResourcesBuildPhase section */
		75F351372B04A930006EACD5 /* Resources */ = {
			isa = PBXResourcesBuildPhase;
			buildActionMask = 2147483647;
			files = (
				BDC9A8802B150A2500723B13 /* MPLUS1p-Thin.ttf in Resources */,
				75F351442B04A933006EACD5 /* Preview Assets.xcassets in Resources */,
				BDC9A87F2B150A2500723B13 /* MPLUS1p-Light.ttf in Resources */,
				BDC9A8812B150A2500723B13 /* MPLUS1p-Bold.ttf in Resources */,
				BDC9A87E2B150A2500723B13 /* MPLUS1p-Black.ttf in Resources */,
				BDC9A87D2B150A2500723B13 /* MPLUS1p-ExtraBold.ttf in Resources */,
				BDC9A8822B150A2500723B13 /* MPLUS1p-Medium.ttf in Resources */,
				75F351412B04A933006EACD5 /* Assets.xcassets in Resources */,
				BDC9A8832B150A2500723B13 /* MPLUS1p-Regular.ttf in Resources */,
			);
			runOnlyForDeploymentPostprocessing = 0;
		};
/* End PBXResourcesBuildPhase section */

/* Begin PBXSourcesBuildPhase section */
		75F351352B04A930006EACD5 /* Sources */ = {
			isa = PBXSourcesBuildPhase;
			buildActionMask = 2147483647;
			files = (
				75FC88182B139D22008CD47E /* AddTrainingEventView.swift in Sources */,
				BD4EDA622B13617A003E1A11 /* HomeView.swift in Sources */,
				BD4EDA672B13683D003E1A11 /* HomeViewModel.swift in Sources */,
				BD4EDA5C2B131E9F003E1A11 /* TrainingInfo.swift in Sources */,
				BDC9A8892B150B2000723B13 /* Font+AppFonts.swift in Sources */,
				755D30322B0F8E3A00EE834F /* TransferService.swift in Sources */,
				BD3C185B2B170BB500A65302 /* InitializeTrainingView.swift in Sources */,
				75FC881C2B139F20008CD47E /* AddTrainingEventViewModel.swift in Sources */,
				75003C5F2B16E44B0089D16A /* TrainingView.swift in Sources */,
				755D302E2B0F8BC300EE834F /* CentralViewManager.swift in Sources */,
				BD4EDA5F2B132A64003E1A11 /* Training.swift in Sources */,
				75003C632B16E55A0089D16A /* TrainingViewModel.swift in Sources */,
				7590D3FC2B162EF200328956 /* Extension+View.swift in Sources */,
				BD4EDA642B13628E003E1A11 /* RealmManager.swift in Sources */,
				75003C5C2B16E29D0089D16A /* Logger.swift in Sources */,
				BD4EDA5A2B131DA1003E1A11 /* UserInfo.swift in Sources */,
				BD3C18592B170B5C00A65302 /* TrainingView.swift in Sources */,
				75F3513D2B04A930006EACD5 /* KuotoreApp.swift in Sources */,
			);
			runOnlyForDeploymentPostprocessing = 0;
		};
/* End PBXSourcesBuildPhase section */

/* Begin XCBuildConfiguration section */
		75F351452B04A933006EACD5 /* Debug */ = {
			isa = XCBuildConfiguration;
			buildSettings = {
				ALWAYS_SEARCH_USER_PATHS = NO;
				ASSETCATALOG_COMPILER_GENERATE_SWIFT_ASSET_SYMBOL_EXTENSIONS = YES;
				CLANG_ANALYZER_NONNULL = YES;
				CLANG_ANALYZER_NUMBER_OBJECT_CONVERSION = YES_AGGRESSIVE;
				CLANG_CXX_LANGUAGE_STANDARD = "gnu++20";
				CLANG_ENABLE_MODULES = YES;
				CLANG_ENABLE_OBJC_ARC = YES;
				CLANG_ENABLE_OBJC_WEAK = YES;
				CLANG_WARN_BLOCK_CAPTURE_AUTORELEASING = YES;
				CLANG_WARN_BOOL_CONVERSION = YES;
				CLANG_WARN_COMMA = YES;
				CLANG_WARN_CONSTANT_CONVERSION = YES;
				CLANG_WARN_DEPRECATED_OBJC_IMPLEMENTATIONS = YES;
				CLANG_WARN_DIRECT_OBJC_ISA_USAGE = YES_ERROR;
				CLANG_WARN_DOCUMENTATION_COMMENTS = YES;
				CLANG_WARN_EMPTY_BODY = YES;
				CLANG_WARN_ENUM_CONVERSION = YES;
				CLANG_WARN_INFINITE_RECURSION = YES;
				CLANG_WARN_INT_CONVERSION = YES;
				CLANG_WARN_NON_LITERAL_NULL_CONVERSION = YES;
				CLANG_WARN_OBJC_IMPLICIT_RETAIN_SELF = YES;
				CLANG_WARN_OBJC_LITERAL_CONVERSION = YES;
				CLANG_WARN_OBJC_ROOT_CLASS = YES_ERROR;
				CLANG_WARN_QUOTED_INCLUDE_IN_FRAMEWORK_HEADER = YES;
				CLANG_WARN_RANGE_LOOP_ANALYSIS = YES;
				CLANG_WARN_STRICT_PROTOTYPES = YES;
				CLANG_WARN_SUSPICIOUS_MOVE = YES;
				CLANG_WARN_UNGUARDED_AVAILABILITY = YES_AGGRESSIVE;
				CLANG_WARN_UNREACHABLE_CODE = YES;
				CLANG_WARN__DUPLICATE_METHOD_MATCH = YES;
				COPY_PHASE_STRIP = NO;
				DEBUG_INFORMATION_FORMAT = dwarf;
				ENABLE_STRICT_OBJC_MSGSEND = YES;
				ENABLE_TESTABILITY = YES;
				ENABLE_USER_SCRIPT_SANDBOXING = YES;
				GCC_C_LANGUAGE_STANDARD = gnu17;
				GCC_DYNAMIC_NO_PIC = NO;
				GCC_NO_COMMON_BLOCKS = YES;
				GCC_OPTIMIZATION_LEVEL = 0;
				GCC_PREPROCESSOR_DEFINITIONS = (
					"DEBUG=1",
					"$(inherited)",
				);
				GCC_WARN_64_TO_32_BIT_CONVERSION = YES;
				GCC_WARN_ABOUT_RETURN_TYPE = YES_ERROR;
				GCC_WARN_UNDECLARED_SELECTOR = YES;
				GCC_WARN_UNINITIALIZED_AUTOS = YES_AGGRESSIVE;
				GCC_WARN_UNUSED_FUNCTION = YES;
				GCC_WARN_UNUSED_VARIABLE = YES;
				IPHONEOS_DEPLOYMENT_TARGET = 17.0;
				LOCALIZATION_PREFERS_STRING_CATALOGS = YES;
				MTL_ENABLE_DEBUG_INFO = INCLUDE_SOURCE;
				MTL_FAST_MATH = YES;
				ONLY_ACTIVE_ARCH = YES;
				SDKROOT = iphoneos;
				SWIFT_ACTIVE_COMPILATION_CONDITIONS = "DEBUG $(inherited)";
				SWIFT_OPTIMIZATION_LEVEL = "-Onone";
			};
			name = Debug;
		};
		75F351462B04A933006EACD5 /* Release */ = {
			isa = XCBuildConfiguration;
			buildSettings = {
				ALWAYS_SEARCH_USER_PATHS = NO;
				ASSETCATALOG_COMPILER_GENERATE_SWIFT_ASSET_SYMBOL_EXTENSIONS = YES;
				CLANG_ANALYZER_NONNULL = YES;
				CLANG_ANALYZER_NUMBER_OBJECT_CONVERSION = YES_AGGRESSIVE;
				CLANG_CXX_LANGUAGE_STANDARD = "gnu++20";
				CLANG_ENABLE_MODULES = YES;
				CLANG_ENABLE_OBJC_ARC = YES;
				CLANG_ENABLE_OBJC_WEAK = YES;
				CLANG_WARN_BLOCK_CAPTURE_AUTORELEASING = YES;
				CLANG_WARN_BOOL_CONVERSION = YES;
				CLANG_WARN_COMMA = YES;
				CLANG_WARN_CONSTANT_CONVERSION = YES;
				CLANG_WARN_DEPRECATED_OBJC_IMPLEMENTATIONS = YES;
				CLANG_WARN_DIRECT_OBJC_ISA_USAGE = YES_ERROR;
				CLANG_WARN_DOCUMENTATION_COMMENTS = YES;
				CLANG_WARN_EMPTY_BODY = YES;
				CLANG_WARN_ENUM_CONVERSION = YES;
				CLANG_WARN_INFINITE_RECURSION = YES;
				CLANG_WARN_INT_CONVERSION = YES;
				CLANG_WARN_NON_LITERAL_NULL_CONVERSION = YES;
				CLANG_WARN_OBJC_IMPLICIT_RETAIN_SELF = YES;
				CLANG_WARN_OBJC_LITERAL_CONVERSION = YES;
				CLANG_WARN_OBJC_ROOT_CLASS = YES_ERROR;
				CLANG_WARN_QUOTED_INCLUDE_IN_FRAMEWORK_HEADER = YES;
				CLANG_WARN_RANGE_LOOP_ANALYSIS = YES;
				CLANG_WARN_STRICT_PROTOTYPES = YES;
				CLANG_WARN_SUSPICIOUS_MOVE = YES;
				CLANG_WARN_UNGUARDED_AVAILABILITY = YES_AGGRESSIVE;
				CLANG_WARN_UNREACHABLE_CODE = YES;
				CLANG_WARN__DUPLICATE_METHOD_MATCH = YES;
				COPY_PHASE_STRIP = NO;
				DEBUG_INFORMATION_FORMAT = "dwarf-with-dsym";
				ENABLE_NS_ASSERTIONS = NO;
				ENABLE_STRICT_OBJC_MSGSEND = YES;
				ENABLE_USER_SCRIPT_SANDBOXING = YES;
				GCC_C_LANGUAGE_STANDARD = gnu17;
				GCC_NO_COMMON_BLOCKS = YES;
				GCC_WARN_64_TO_32_BIT_CONVERSION = YES;
				GCC_WARN_ABOUT_RETURN_TYPE = YES_ERROR;
				GCC_WARN_UNDECLARED_SELECTOR = YES;
				GCC_WARN_UNINITIALIZED_AUTOS = YES_AGGRESSIVE;
				GCC_WARN_UNUSED_FUNCTION = YES;
				GCC_WARN_UNUSED_VARIABLE = YES;
				IPHONEOS_DEPLOYMENT_TARGET = 17.0;
				LOCALIZATION_PREFERS_STRING_CATALOGS = YES;
				MTL_ENABLE_DEBUG_INFO = NO;
				MTL_FAST_MATH = YES;
				SDKROOT = iphoneos;
				SWIFT_COMPILATION_MODE = wholemodule;
				VALIDATE_PRODUCT = YES;
			};
			name = Release;
		};
		75F351482B04A933006EACD5 /* Debug */ = {
			isa = XCBuildConfiguration;
			buildSettings = {
				ASSETCATALOG_COMPILER_APPICON_NAME = AppIcon;
				ASSETCATALOG_COMPILER_GLOBAL_ACCENT_COLOR_NAME = AccentColor;
				CODE_SIGN_STYLE = Automatic;
				CURRENT_PROJECT_VERSION = 1;
				DEVELOPMENT_ASSET_PATHS = "\"Kuotore/Preview Content\"";
				DEVELOPMENT_TEAM = N28L9FHHL4;
				ENABLE_PREVIEWS = YES;
				GENERATE_INFOPLIST_FILE = YES;
				INFOPLIST_FILE = Kuotore/Info.plist;
				INFOPLIST_KEY_NSBluetoothAlwaysUsageDescription = "他デバイスとのメッセージでBluetoothを使用します。";
				INFOPLIST_KEY_UIApplicationSceneManifest_Generation = YES;
				INFOPLIST_KEY_UIApplicationSupportsIndirectInputEvents = YES;
				INFOPLIST_KEY_UILaunchScreen_Generation = YES;
				INFOPLIST_KEY_UISupportedInterfaceOrientations_iPad = "UIInterfaceOrientationPortrait UIInterfaceOrientationPortraitUpsideDown UIInterfaceOrientationLandscapeLeft UIInterfaceOrientationLandscapeRight";
				INFOPLIST_KEY_UISupportedInterfaceOrientations_iPhone = "UIInterfaceOrientationPortrait UIInterfaceOrientationLandscapeLeft UIInterfaceOrientationLandscapeRight";
				IPHONEOS_DEPLOYMENT_TARGET = 16.0;
				LD_RUNPATH_SEARCH_PATHS = (
					"$(inherited)",
					"@executable_path/Frameworks",
				);
				MARKETING_VERSION = 1.0;
				PRODUCT_BUNDLE_IDENTIFIER = com.hayate.app.Kuotore;
				PRODUCT_NAME = "$(TARGET_NAME)";
				SWIFT_EMIT_LOC_STRINGS = YES;
				SWIFT_VERSION = 5.0;
				TARGETED_DEVICE_FAMILY = "1,2";
			};
			name = Debug;
		};
		75F351492B04A933006EACD5 /* Release */ = {
			isa = XCBuildConfiguration;
			buildSettings = {
				ASSETCATALOG_COMPILER_APPICON_NAME = AppIcon;
				ASSETCATALOG_COMPILER_GLOBAL_ACCENT_COLOR_NAME = AccentColor;
				CODE_SIGN_STYLE = Automatic;
				CURRENT_PROJECT_VERSION = 1;
				DEVELOPMENT_ASSET_PATHS = "\"Kuotore/Preview Content\"";
				DEVELOPMENT_TEAM = N28L9FHHL4;
				ENABLE_PREVIEWS = YES;
				GENERATE_INFOPLIST_FILE = YES;
				INFOPLIST_FILE = Kuotore/Info.plist;
				INFOPLIST_KEY_NSBluetoothAlwaysUsageDescription = "他デバイスとのメッセージでBluetoothを使用します。";
				INFOPLIST_KEY_UIApplicationSceneManifest_Generation = YES;
				INFOPLIST_KEY_UIApplicationSupportsIndirectInputEvents = YES;
				INFOPLIST_KEY_UILaunchScreen_Generation = YES;
				INFOPLIST_KEY_UISupportedInterfaceOrientations_iPad = "UIInterfaceOrientationPortrait UIInterfaceOrientationPortraitUpsideDown UIInterfaceOrientationLandscapeLeft UIInterfaceOrientationLandscapeRight";
				INFOPLIST_KEY_UISupportedInterfaceOrientations_iPhone = "UIInterfaceOrientationPortrait UIInterfaceOrientationLandscapeLeft UIInterfaceOrientationLandscapeRight";
				IPHONEOS_DEPLOYMENT_TARGET = 16.0;
				LD_RUNPATH_SEARCH_PATHS = (
					"$(inherited)",
					"@executable_path/Frameworks",
				);
				MARKETING_VERSION = 1.0;
				PRODUCT_BUNDLE_IDENTIFIER = com.hayate.app.Kuotore;
				PRODUCT_NAME = "$(TARGET_NAME)";
				SWIFT_EMIT_LOC_STRINGS = YES;
				SWIFT_VERSION = 5.0;
				TARGETED_DEVICE_FAMILY = "1,2";
			};
			name = Release;
		};
/* End XCBuildConfiguration section */

/* Begin XCConfigurationList section */
		75F351342B04A930006EACD5 /* Build configuration list for PBXProject "Kuotore" */ = {
			isa = XCConfigurationList;
			buildConfigurations = (
				75F351452B04A933006EACD5 /* Debug */,
				75F351462B04A933006EACD5 /* Release */,
			);
			defaultConfigurationIsVisible = 0;
			defaultConfigurationName = Release;
		};
		75F351472B04A933006EACD5 /* Build configuration list for PBXNativeTarget "Kuotore" */ = {
			isa = XCConfigurationList;
			buildConfigurations = (
				75F351482B04A933006EACD5 /* Debug */,
				75F351492B04A933006EACD5 /* Release */,
			);
			defaultConfigurationIsVisible = 0;
			defaultConfigurationName = Release;
		};
/* End XCConfigurationList section */

/* Begin XCRemoteSwiftPackageReference section */
		BD4EDA532B131CF2003E1A11 /* XCRemoteSwiftPackageReference "realm-swift" */ = {
			isa = XCRemoteSwiftPackageReference;
			repositoryURL = "https://github.com/realm/realm-swift.git";
			requirement = {
				branch = master;
				kind = branch;
			};
		};
/* End XCRemoteSwiftPackageReference section */

/* Begin XCSwiftPackageProductDependency section */
		BD4EDA542B131CF2003E1A11 /* Realm */ = {
			isa = XCSwiftPackageProductDependency;
			package = BD4EDA532B131CF2003E1A11 /* XCRemoteSwiftPackageReference "realm-swift" */;
			productName = Realm;
		};
		BD4EDA562B131CF2003E1A11 /* RealmSwift */ = {
			isa = XCSwiftPackageProductDependency;
			package = BD4EDA532B131CF2003E1A11 /* XCRemoteSwiftPackageReference "realm-swift" */;
			productName = RealmSwift;
		};
/* End XCSwiftPackageProductDependency section */
	};
	rootObject = 75F351312B04A930006EACD5 /* Project object */;
}
